<Solution>
  <Folder Name="/src/">
    <Project Path="src/Helpdesk.Api/Helpdesk.Api.csproj" />
    <Project Path="src/Helpdesk.Domain/Helpdesk.Domain.csproj" />
    <Project Path="src/Helpdesk.Infrastructure/Helpdesk.Infrastructure.csproj" />
  </Folder>
  <Folder Name="/tests/">
    <Project Path="tests/Helpdesk.Tests/Helpdesk.Tests.csproj" />
  </Folder>
</Solution>
